
Microsoft Visual Studio Solution File, Format Version 12.00
# Visual Studio Version 17
VisualStudioVersion = 17.3.32929.385
MinimumVisualStudioVersion = 10.0.40219.1
Project("{FAE04EC0-301F-11D3-BF4B-00C04F79EFBC}") = "QuanLyKho", "QuanLyKho\QuanLyKho.csproj", "{B86A212B-83CA-4AAB-BF72-C7DA192647D5}"
EndProject
Global
	GlobalSection(SolutionConfigurationPlatforms) = preSolution
		Debug|Any CPU = Debug|Any CPU
		Release|Any CPU = Release|Any CPU
	EndGlobalSection
	GlobalSection(ProjectConfigurationPlatforms) = postSolution
		{B86A212B-83CA-4AAB-BF72-C7DA192647D5}.Debug|Any CPU.ActiveCfg = Debug|Any CPU
		{B86A212B-83CA-4AAB-BF72-C7DA192647D5}.Debug|Any CPU.Build.0 = Debug|Any CPU
		{B86A212B-83CA-4AAB-BF72-C7DA192647D5}.Release|Any CPU.ActiveCfg = Release|Any CPU
		{B86A212B-83CA-4AAB-BF72-C7DA192647D5}.Release|Any CPU.Build.0 = Release|Any CPU
	EndGlobalSection
	GlobalSection(SolutionProperties) = preSolution
		HideSolutionNode = FALSE
	EndGlobalSection
	GlobalSection(ExtensibilityGlobals) = postSolution
		SolutionGuid = {34E2AB35-5A9C-4285-AD8F-ABA3668441E6}
	EndGlobalSection
EndGlobal
